
Microsoft Visual Studio Solution File, Format Version 12.00
# Visual Studio 15
VisualStudioVersion = 15.0.27428.2027
MinimumVisualStudioVersion = 10.0.40219.1
Project("{FAE04EC0-301F-11D3-BF4B-00C04F79EFBC}") = "exercicioDEZ", "exercicioDEZ\exercicioDEZ.csproj", "{5EAD984C-9FAE-4D6E-9D83-42FFE30DA52C}"
EndProject
Global
	GlobalSection(SolutionConfigurationPlatforms) = preSolution
		Debug|Any CPU = Debug|Any CPU
		Release|Any CPU = Release|Any CPU
	EndGlobalSection
	GlobalSection(ProjectConfigurationPlatforms) = postSolution
		{5EAD984C-9FAE-4D6E-9D83-42FFE30DA52C}.Debug|Any CPU.ActiveCfg = Debug|Any CPU
		{5EAD984C-9FAE-4D6E-9D83-42FFE30DA52C}.Debug|Any CPU.Build.0 = Debug|Any CPU
		{5EAD984C-9FAE-4D6E-9D83-42FFE30DA52C}.Release|Any CPU.ActiveCfg = Release|Any CPU
		{5EAD984C-9FAE-4D6E-9D83-42FFE30DA52C}.Release|Any CPU.Build.0 = Release|Any CPU
	EndGlobalSection
	GlobalSection(SolutionProperties) = preSolution
		HideSolutionNode = FALSE
	EndGlobalSection
	GlobalSection(ExtensibilityGlobals) = postSolution
		SolutionGuid = {21C3D762-2862-4784-BD24-1E82E58D3E86}
	EndGlobalSection
EndGlobal
