
Microsoft Visual Studio Solution File, Format Version 12.00
# Visual Studio 15
VisualStudioVersion = 15.0.27428.2027
MinimumVisualStudioVersion = 10.0.40219.1
Project("{FAE04EC0-301F-11D3-BF4B-00C04F79EFBC}") = "quinto-projeto", "quinto-projeto\quinto-projeto.csproj", "{7671C84D-B016-4281-B919-F3BDBFE7F42E}"
EndProject
Global
	GlobalSection(SolutionConfigurationPlatforms) = preSolution
		Debug|Any CPU = Debug|Any CPU
		Release|Any CPU = Release|Any CPU
	EndGlobalSection
	GlobalSection(ProjectConfigurationPlatforms) = postSolution
		{7671C84D-B016-4281-B919-F3BDBFE7F42E}.Debug|Any CPU.ActiveCfg = Debug|Any CPU
		{7671C84D-B016-4281-B919-F3BDBFE7F42E}.Debug|Any CPU.Build.0 = Debug|Any CPU
		{7671C84D-B016-4281-B919-F3BDBFE7F42E}.Release|Any CPU.ActiveCfg = Release|Any CPU
		{7671C84D-B016-4281-B919-F3BDBFE7F42E}.Release|Any CPU.Build.0 = Release|Any CPU
	EndGlobalSection
	GlobalSection(SolutionProperties) = preSolution
		HideSolutionNode = FALSE
	EndGlobalSection
	GlobalSection(ExtensibilityGlobals) = postSolution
		SolutionGuid = {BC8FA704-807F-4954-BA0F-C26CC325856C}
	EndGlobalSection
EndGlobal
